
Microsoft Visual Studio Solution File, Format Version 12.00
# Visual Studio Version 17
VisualStudioVersion = 17.5.33414.496
MinimumVisualStudioVersion = 10.0.40219.1
Project("{FAE04EC0-301F-11D3-BF4B-00C04F79EFBC}") = "P01_StudentSystem", "P01_StudentSystem\P01_StudentSystem.csproj", "{DE9876CC-7DFF-48BA-BACE-4DB3A0419977}"
EndProject
Global
	GlobalSection(SolutionConfigurationPlatforms) = preSolution
		Debug|Any CPU = Debug|Any CPU
		Release|Any CPU = Release|Any CPU
	EndGlobalSection
	GlobalSection(ProjectConfigurationPlatforms) = postSolution
		{DE9876CC-7DFF-48BA-BACE-4DB3A0419977}.Debug|Any CPU.ActiveCfg = Debug|Any CPU
		{DE9876CC-7DFF-48BA-BACE-4DB3A0419977}.Debug|Any CPU.Build.0 = Debug|Any CPU
		{DE9876CC-7DFF-48BA-BACE-4DB3A0419977}.Release|Any CPU.ActiveCfg = Release|Any CPU
		{DE9876CC-7DFF-48BA-BACE-4DB3A0419977}.Release|Any CPU.Build.0 = Release|Any CPU
	EndGlobalSection
	GlobalSection(SolutionProperties) = preSolution
		HideSolutionNode = FALSE
	EndGlobalSection
	GlobalSection(ExtensibilityGlobals) = postSolution
		SolutionGuid = {0FCE8BAE-0C44-442E-BD1D-3C2662922266}
	EndGlobalSection
EndGlobal
